
Microsoft Visual Studio Solution File, Format Version 12.00
# Visual Studio Version 16
VisualStudioVersion = 16.0.31129.286
MinimumVisualStudioVersion = 10.0.40219.1
Project("{9A19103F-16F7-4668-BE54-9A1E7A4F7556}") = "Easter", "Easter.csproj", "{6A033A27-E340-4913-A1E3-86A0D09DA58A}"
EndProject
Global
	GlobalSection(SolutionConfigurationPlatforms) = preSolution
		Debug|Any CPU = Debug|Any CPU
		Release|Any CPU = Release|Any CPU
	EndGlobalSection
	GlobalSection(ProjectConfigurationPlatforms) = postSolution
		{6A033A27-E340-4913-A1E3-86A0D09DA58A}.Debug|Any CPU.ActiveCfg = Debug|Any CPU
		{6A033A27-E340-4913-A1E3-86A0D09DA58A}.Debug|Any CPU.Build.0 = Debug|Any CPU
		{6A033A27-E340-4913-A1E3-86A0D09DA58A}.Release|Any CPU.ActiveCfg = Release|Any CPU
		{6A033A27-E340-4913-A1E3-86A0D09DA58A}.Release|Any CPU.Build.0 = Release|Any CPU
	EndGlobalSection
	GlobalSection(SolutionProperties) = preSolution
		HideSolutionNode = FALSE
	EndGlobalSection
	GlobalSection(ExtensibilityGlobals) = postSolution
		SolutionGuid = {01A8321F-C718-48F2-9D35-B91586B71D97}
	EndGlobalSection
EndGlobal
