
Microsoft Visual Studio Solution File, Format Version 12.00
# Visual Studio Version 16
VisualStudioVersion = 16.0.30907.101
MinimumVisualStudioVersion = 10.0.40219.1
Project("{FAE04EC0-301F-11D3-BF4B-00C04F79EFBC}") = "Polymorphism Lab", "Polymorphism Lab\Polymorphism Lab.csproj", "{F2764B4E-02DF-4CF7-B172-AE57D6FCE94E}"
EndProject
Project("{FAE04EC0-301F-11D3-BF4B-00C04F79EFBC}") = "Operations", "Operations\Operations.csproj", "{D8952017-D1CB-4E4B-A1AB-5E18A677DACF}"
EndProject
Project("{FAE04EC0-301F-11D3-BF4B-00C04F79EFBC}") = "Animals", "Animals\Animals.csproj", "{4F5DA51F-03B3-40ED-9E40-91E1445E6BD0}"
EndProject
Project("{FAE04EC0-301F-11D3-BF4B-00C04F79EFBC}") = "Shapes", "Shapes\Shapes.csproj", "{B7F1F45E-1C1D-4DC9-A4E2-586FDD0D5DBC}"
EndProject
Global
	GlobalSection(SolutionConfigurationPlatforms) = preSolution
		Debug|Any CPU = Debug|Any CPU
		Release|Any CPU = Release|Any CPU
	EndGlobalSection
	GlobalSection(ProjectConfigurationPlatforms) = postSolution
		{F2764B4E-02DF-4CF7-B172-AE57D6FCE94E}.Debug|Any CPU.ActiveCfg = Debug|Any CPU
		{F2764B4E-02DF-4CF7-B172-AE57D6FCE94E}.Debug|Any CPU.Build.0 = Debug|Any CPU
		{F2764B4E-02DF-4CF7-B172-AE57D6FCE94E}.Release|Any CPU.ActiveCfg = Release|Any CPU
		{F2764B4E-02DF-4CF7-B172-AE57D6FCE94E}.Release|Any CPU.Build.0 = Release|Any CPU
		{D8952017-D1CB-4E4B-A1AB-5E18A677DACF}.Debug|Any CPU.ActiveCfg = Debug|Any CPU
		{D8952017-D1CB-4E4B-A1AB-5E18A677DACF}.Debug|Any CPU.Build.0 = Debug|Any CPU
		{D8952017-D1CB-4E4B-A1AB-5E18A677DACF}.Release|Any CPU.ActiveCfg = Release|Any CPU
		{D8952017-D1CB-4E4B-A1AB-5E18A677DACF}.Release|Any CPU.Build.0 = Release|Any CPU
		{4F5DA51F-03B3-40ED-9E40-91E1445E6BD0}.Debug|Any CPU.ActiveCfg = Debug|Any CPU
		{4F5DA51F-03B3-40ED-9E40-91E1445E6BD0}.Debug|Any CPU.Build.0 = Debug|Any CPU
		{4F5DA51F-03B3-40ED-9E40-91E1445E6BD0}.Release|Any CPU.ActiveCfg = Release|Any CPU
		{4F5DA51F-03B3-40ED-9E40-91E1445E6BD0}.Release|Any CPU.Build.0 = Release|Any CPU
		{B7F1F45E-1C1D-4DC9-A4E2-586FDD0D5DBC}.Debug|Any CPU.ActiveCfg = Debug|Any CPU
		{B7F1F45E-1C1D-4DC9-A4E2-586FDD0D5DBC}.Debug|Any CPU.Build.0 = Debug|Any CPU
		{B7F1F45E-1C1D-4DC9-A4E2-586FDD0D5DBC}.Release|Any CPU.ActiveCfg = Release|Any CPU
		{B7F1F45E-1C1D-4DC9-A4E2-586FDD0D5DBC}.Release|Any CPU.Build.0 = Release|Any CPU
	EndGlobalSection
	GlobalSection(SolutionProperties) = preSolution
		HideSolutionNode = FALSE
	EndGlobalSection
	GlobalSection(ExtensibilityGlobals) = postSolution
		SolutionGuid = {B4DABF0A-33EF-450C-93B9-400D765B52DD}
	EndGlobalSection
EndGlobal
