
Microsoft Visual Studio Solution File, Format Version 12.00
# Visual Studio Version 16
VisualStudioVersion = 16.0.30907.101
MinimumVisualStudioVersion = 10.0.40219.1
Project("{9A19103F-16F7-4668-BE54-9A1E7A4F7556}") = "Polymorphism Excercise", "Polymorphism Excercise\Polymorphism Excercise.csproj", "{0FB074E2-E164-4F96-8E62-FE72D296364B}"
EndProject
Project("{9A19103F-16F7-4668-BE54-9A1E7A4F7556}") = "Vehicles", "Vehicles\Vehicles.csproj", "{3A59FA52-7865-4D83-AC13-627B27C16B68}"
EndProject
Project("{FAE04EC0-301F-11D3-BF4B-00C04F79EFBC}") = "Raiding", "Raiding\Raiding.csproj", "{9A698E92-9844-4100-8993-B340F05E3604}"
EndProject
Global
	GlobalSection(SolutionConfigurationPlatforms) = preSolution
		Debug|Any CPU = Debug|Any CPU
		Release|Any CPU = Release|Any CPU
	EndGlobalSection
	GlobalSection(ProjectConfigurationPlatforms) = postSolution
		{0FB074E2-E164-4F96-8E62-FE72D296364B}.Debug|Any CPU.ActiveCfg = Debug|Any CPU
		{0FB074E2-E164-4F96-8E62-FE72D296364B}.Debug|Any CPU.Build.0 = Debug|Any CPU
		{0FB074E2-E164-4F96-8E62-FE72D296364B}.Release|Any CPU.ActiveCfg = Release|Any CPU
		{0FB074E2-E164-4F96-8E62-FE72D296364B}.Release|Any CPU.Build.0 = Release|Any CPU
		{3A59FA52-7865-4D83-AC13-627B27C16B68}.Debug|Any CPU.ActiveCfg = Debug|Any CPU
		{3A59FA52-7865-4D83-AC13-627B27C16B68}.Debug|Any CPU.Build.0 = Debug|Any CPU
		{3A59FA52-7865-4D83-AC13-627B27C16B68}.Release|Any CPU.ActiveCfg = Release|Any CPU
		{3A59FA52-7865-4D83-AC13-627B27C16B68}.Release|Any CPU.Build.0 = Release|Any CPU
		{9A698E92-9844-4100-8993-B340F05E3604}.Debug|Any CPU.ActiveCfg = Debug|Any CPU
		{9A698E92-9844-4100-8993-B340F05E3604}.Debug|Any CPU.Build.0 = Debug|Any CPU
		{9A698E92-9844-4100-8993-B340F05E3604}.Release|Any CPU.ActiveCfg = Release|Any CPU
		{9A698E92-9844-4100-8993-B340F05E3604}.Release|Any CPU.Build.0 = Release|Any CPU
	EndGlobalSection
	GlobalSection(SolutionProperties) = preSolution
		HideSolutionNode = FALSE
	EndGlobalSection
	GlobalSection(ExtensibilityGlobals) = postSolution
		SolutionGuid = {286D2587-D4B6-49E2-A5B9-F0F63F651065}
	EndGlobalSection
EndGlobal
