
Microsoft Visual Studio Solution File, Format Version 12.00
# Visual Studio Version 16
VisualStudioVersion = 16.0.30907.101
MinimumVisualStudioVersion = 10.0.40219.1
Project("{9A19103F-16F7-4668-BE54-9A1E7A4F7556}") = "Interfaces and Abstraction Exercise", "Interfaces and Abstraction Exercise\Interfaces and Abstraction Exercise.csproj", "{24995ECB-E728-4EAC-9949-898D0489F4E3}"
EndProject
Project("{9A19103F-16F7-4668-BE54-9A1E7A4F7556}") = "PersonInfo", "PersonInfo\PersonInfo.csproj", "{1C749F06-EF72-4A46-B10E-3F3357E45CB0}"
EndProject
Project("{9A19103F-16F7-4668-BE54-9A1E7A4F7556}") = "Telephony", "Telephony\Telephony.csproj", "{6B92EFB7-AA54-4007-85EE-373BA545BE34}"
EndProject
Project("{9A19103F-16F7-4668-BE54-9A1E7A4F7556}") = "BorderControl", "BorderControl\BorderControl.csproj", "{078BE6AD-69E0-478B-8B65-0C1BA90B759A}"
EndProject
Project("{9A19103F-16F7-4668-BE54-9A1E7A4F7556}") = "BirthdayCelebrations", "BirthdayCelebrations\BirthdayCelebrations.csproj", "{FA1BAE3A-E6CC-4F1D-86F0-10E549ED2B3B}"
EndProject
Project("{9A19103F-16F7-4668-BE54-9A1E7A4F7556}") = "ExplicitInterfaces", "ExplicitInterfaces\ExplicitInterfaces.csproj", "{0FAA6622-4429-49E8-B0D6-9A4DCAF9611E}"
EndProject
Project("{9A19103F-16F7-4668-BE54-9A1E7A4F7556}") = "CollectionHierarchy", "CollectionHierarchy\CollectionHierarchy.csproj", "{C93CAE1E-C147-4127-9DBF-C956233A6877}"
EndProject
Project("{9A19103F-16F7-4668-BE54-9A1E7A4F7556}") = "FoodShortage", "FoodShortage\FoodShortage.csproj", "{EE2CF85C-50E2-455F-B1A5-74E86F2C4451}"
EndProject
Project("{FAE04EC0-301F-11D3-BF4B-00C04F79EFBC}") = "MilitaryElite", "MilitaryElite\MilitaryElite.csproj", "{B24E9AAF-4BB9-4C09-8E35-F0507975CFBB}"
EndProject
Global
	GlobalSection(SolutionConfigurationPlatforms) = preSolution
		Debug|Any CPU = Debug|Any CPU
		Release|Any CPU = Release|Any CPU
	EndGlobalSection
	GlobalSection(ProjectConfigurationPlatforms) = postSolution
		{24995ECB-E728-4EAC-9949-898D0489F4E3}.Debug|Any CPU.ActiveCfg = Debug|Any CPU
		{24995ECB-E728-4EAC-9949-898D0489F4E3}.Debug|Any CPU.Build.0 = Debug|Any CPU
		{24995ECB-E728-4EAC-9949-898D0489F4E3}.Release|Any CPU.ActiveCfg = Release|Any CPU
		{24995ECB-E728-4EAC-9949-898D0489F4E3}.Release|Any CPU.Build.0 = Release|Any CPU
		{1C749F06-EF72-4A46-B10E-3F3357E45CB0}.Debug|Any CPU.ActiveCfg = Debug|Any CPU
		{1C749F06-EF72-4A46-B10E-3F3357E45CB0}.Debug|Any CPU.Build.0 = Debug|Any CPU
		{1C749F06-EF72-4A46-B10E-3F3357E45CB0}.Release|Any CPU.ActiveCfg = Release|Any CPU
		{1C749F06-EF72-4A46-B10E-3F3357E45CB0}.Release|Any CPU.Build.0 = Release|Any CPU
		{6B92EFB7-AA54-4007-85EE-373BA545BE34}.Debug|Any CPU.ActiveCfg = Debug|Any CPU
		{6B92EFB7-AA54-4007-85EE-373BA545BE34}.Debug|Any CPU.Build.0 = Debug|Any CPU
		{6B92EFB7-AA54-4007-85EE-373BA545BE34}.Release|Any CPU.ActiveCfg = Release|Any CPU
		{6B92EFB7-AA54-4007-85EE-373BA545BE34}.Release|Any CPU.Build.0 = Release|Any CPU
		{078BE6AD-69E0-478B-8B65-0C1BA90B759A}.Debug|Any CPU.ActiveCfg = Debug|Any CPU
		{078BE6AD-69E0-478B-8B65-0C1BA90B759A}.Debug|Any CPU.Build.0 = Debug|Any CPU
		{078BE6AD-69E0-478B-8B65-0C1BA90B759A}.Release|Any CPU.ActiveCfg = Release|Any CPU
		{078BE6AD-69E0-478B-8B65-0C1BA90B759A}.Release|Any CPU.Build.0 = Release|Any CPU
		{FA1BAE3A-E6CC-4F1D-86F0-10E549ED2B3B}.Debug|Any CPU.ActiveCfg = Debug|Any CPU
		{FA1BAE3A-E6CC-4F1D-86F0-10E549ED2B3B}.Debug|Any CPU.Build.0 = Debug|Any CPU
		{FA1BAE3A-E6CC-4F1D-86F0-10E549ED2B3B}.Release|Any CPU.ActiveCfg = Release|Any CPU
		{FA1BAE3A-E6CC-4F1D-86F0-10E549ED2B3B}.Release|Any CPU.Build.0 = Release|Any CPU
		{0FAA6622-4429-49E8-B0D6-9A4DCAF9611E}.Debug|Any CPU.ActiveCfg = Debug|Any CPU
		{0FAA6622-4429-49E8-B0D6-9A4DCAF9611E}.Debug|Any CPU.Build.0 = Debug|Any CPU
		{0FAA6622-4429-49E8-B0D6-9A4DCAF9611E}.Release|Any CPU.ActiveCfg = Release|Any CPU
		{0FAA6622-4429-49E8-B0D6-9A4DCAF9611E}.Release|Any CPU.Build.0 = Release|Any CPU
		{C93CAE1E-C147-4127-9DBF-C956233A6877}.Debug|Any CPU.ActiveCfg = Debug|Any CPU
		{C93CAE1E-C147-4127-9DBF-C956233A6877}.Debug|Any CPU.Build.0 = Debug|Any CPU
		{C93CAE1E-C147-4127-9DBF-C956233A6877}.Release|Any CPU.ActiveCfg = Release|Any CPU
		{C93CAE1E-C147-4127-9DBF-C956233A6877}.Release|Any CPU.Build.0 = Release|Any CPU
		{EE2CF85C-50E2-455F-B1A5-74E86F2C4451}.Debug|Any CPU.ActiveCfg = Debug|Any CPU
		{EE2CF85C-50E2-455F-B1A5-74E86F2C4451}.Debug|Any CPU.Build.0 = Debug|Any CPU
		{EE2CF85C-50E2-455F-B1A5-74E86F2C4451}.Release|Any CPU.ActiveCfg = Release|Any CPU
		{EE2CF85C-50E2-455F-B1A5-74E86F2C4451}.Release|Any CPU.Build.0 = Release|Any CPU
		{B24E9AAF-4BB9-4C09-8E35-F0507975CFBB}.Debug|Any CPU.ActiveCfg = Debug|Any CPU
		{B24E9AAF-4BB9-4C09-8E35-F0507975CFBB}.Debug|Any CPU.Build.0 = Debug|Any CPU
		{B24E9AAF-4BB9-4C09-8E35-F0507975CFBB}.Release|Any CPU.ActiveCfg = Release|Any CPU
		{B24E9AAF-4BB9-4C09-8E35-F0507975CFBB}.Release|Any CPU.Build.0 = Release|Any CPU
	EndGlobalSection
	GlobalSection(SolutionProperties) = preSolution
		HideSolutionNode = FALSE
	EndGlobalSection
	GlobalSection(ExtensibilityGlobals) = postSolution
		SolutionGuid = {576C7BC8-DF5E-41AE-A54C-6370F527CB6B}
	EndGlobalSection
EndGlobal
